<Solution>
  <Folder Name="/Solution Items/">
    <File Path=".editorconfig" />
    <File Path=".gitattributes" />
    <File Path=".gitignore" />
    <File Path="azure-pipelines.yml" />
    <File Path="Directory.Build.props" />
    <File Path="Directory.Build.targets" />
    <File Path="Directory.Packages.props" />
    <File Path="global.json" />
    <File Path="NuGet.config" />
    <File Path="README.md" />
  </Folder>
  <Project Path="EvilBaschdi.Core.Tests/EvilBaschdi.Core.Tests.csproj" />
  <Project Path="EvilBaschdi.Core/EvilBaschdi.Core.csproj" />
</Solution>
