
Microsoft Visual Studio Solution File, Format Version 12.00
# Visual Studio Version 16
VisualStudioVersion = 16.0.28315.86
MinimumVisualStudioVersion = 10.0.40219.1
Project("{9A19103F-16F7-4668-BE54-9A1E7A4F7556}") = "EvilBaschdi.Core", "EvilBaschdi.Core\EvilBaschdi.Core.csproj", "{40644D57-A210-48C4-95E3-5576600D0A40}"
EndProject
Project("{2150E333-8FDC-42A3-9474-1A3956D46DE8}") = "Solution Items", "Solution Items", "{9ADE5E82-E651-46A8-9387-8CE9AD544958}"
	ProjectSection(SolutionItems) = preProject
		.gitattributes = .gitattributes
		.gitignore = .gitignore
		global.json = global.json
		NuGet.config = NuGet.config
		README.md = README.md
	EndProjectSection
EndProject
Project("{9A19103F-16F7-4668-BE54-9A1E7A4F7556}") = "EvilBaschdi.Core.Tests", "EvilBaschdi.Core.Tests\EvilBaschdi.Core.Tests.csproj", "{AAAE5409-6F40-40AA-8E7B-7A853EB44FE2}"
EndProject
Global
	GlobalSection(SolutionConfigurationPlatforms) = preSolution
		Debug|Any CPU = Debug|Any CPU
		Debug|ARM = Debug|ARM
		Debug|x64 = Debug|x64
		Debug|x86 = Debug|x86
		Release|Any CPU = Release|Any CPU
		Release|ARM = Release|ARM
		Release|x64 = Release|x64
		Release|x86 = Release|x86
	EndGlobalSection
	GlobalSection(ProjectConfigurationPlatforms) = postSolution
		{40644D57-A210-48C4-95E3-5576600D0A40}.Debug|Any CPU.ActiveCfg = Debug|Any CPU
		{40644D57-A210-48C4-95E3-5576600D0A40}.Debug|Any CPU.Build.0 = Debug|Any CPU
		{40644D57-A210-48C4-95E3-5576600D0A40}.Debug|ARM.ActiveCfg = Debug|Any CPU
		{40644D57-A210-48C4-95E3-5576600D0A40}.Debug|ARM.Build.0 = Debug|Any CPU
		{40644D57-A210-48C4-95E3-5576600D0A40}.Debug|x64.ActiveCfg = Debug|Any CPU
		{40644D57-A210-48C4-95E3-5576600D0A40}.Debug|x64.Build.0 = Debug|Any CPU
		{40644D57-A210-48C4-95E3-5576600D0A40}.Debug|x86.ActiveCfg = Debug|Any CPU
		{40644D57-A210-48C4-95E3-5576600D0A40}.Debug|x86.Build.0 = Debug|Any CPU
		{40644D57-A210-48C4-95E3-5576600D0A40}.Release|Any CPU.ActiveCfg = Release|Any CPU
		{40644D57-A210-48C4-95E3-5576600D0A40}.Release|Any CPU.Build.0 = Release|Any CPU
		{40644D57-A210-48C4-95E3-5576600D0A40}.Release|ARM.ActiveCfg = Release|Any CPU
		{40644D57-A210-48C4-95E3-5576600D0A40}.Release|ARM.Build.0 = Release|Any CPU
		{40644D57-A210-48C4-95E3-5576600D0A40}.Release|x64.ActiveCfg = Release|Any CPU
		{40644D57-A210-48C4-95E3-5576600D0A40}.Release|x64.Build.0 = Release|Any CPU
		{40644D57-A210-48C4-95E3-5576600D0A40}.Release|x86.ActiveCfg = Release|Any CPU
		{40644D57-A210-48C4-95E3-5576600D0A40}.Release|x86.Build.0 = Release|Any CPU
		{AAAE5409-6F40-40AA-8E7B-7A853EB44FE2}.Debug|Any CPU.ActiveCfg = Debug|Any CPU
		{AAAE5409-6F40-40AA-8E7B-7A853EB44FE2}.Debug|Any CPU.Build.0 = Debug|Any CPU
		{AAAE5409-6F40-40AA-8E7B-7A853EB44FE2}.Debug|ARM.ActiveCfg = Debug|Any CPU
		{AAAE5409-6F40-40AA-8E7B-7A853EB44FE2}.Debug|ARM.Build.0 = Debug|Any CPU
		{AAAE5409-6F40-40AA-8E7B-7A853EB44FE2}.Debug|x64.ActiveCfg = Debug|Any CPU
		{AAAE5409-6F40-40AA-8E7B-7A853EB44FE2}.Debug|x64.Build.0 = Debug|Any CPU
		{AAAE5409-6F40-40AA-8E7B-7A853EB44FE2}.Debug|x86.ActiveCfg = Debug|Any CPU
		{AAAE5409-6F40-40AA-8E7B-7A853EB44FE2}.Debug|x86.Build.0 = Debug|Any CPU
		{AAAE5409-6F40-40AA-8E7B-7A853EB44FE2}.Release|Any CPU.ActiveCfg = Release|Any CPU
		{AAAE5409-6F40-40AA-8E7B-7A853EB44FE2}.Release|Any CPU.Build.0 = Release|Any CPU
		{AAAE5409-6F40-40AA-8E7B-7A853EB44FE2}.Release|ARM.ActiveCfg = Release|Any CPU
		{AAAE5409-6F40-40AA-8E7B-7A853EB44FE2}.Release|ARM.Build.0 = Release|Any CPU
		{AAAE5409-6F40-40AA-8E7B-7A853EB44FE2}.Release|x64.ActiveCfg = Release|Any CPU
		{AAAE5409-6F40-40AA-8E7B-7A853EB44FE2}.Release|x64.Build.0 = Release|Any CPU
		{AAAE5409-6F40-40AA-8E7B-7A853EB44FE2}.Release|x86.ActiveCfg = Release|Any CPU
		{AAAE5409-6F40-40AA-8E7B-7A853EB44FE2}.Release|x86.Build.0 = Release|Any CPU
	EndGlobalSection
	GlobalSection(SolutionProperties) = preSolution
		HideSolutionNode = FALSE
	EndGlobalSection
	GlobalSection(ExtensibilityGlobals) = postSolution
		SolutionGuid = {829487DC-6417-4839-A044-177BBE58DDCD}
	EndGlobalSection
EndGlobal
